
Microsoft Visual Studio Solution File, Format Version 12.00
# Visual Studio Version 16
VisualStudioVersion = 16.0.30517.126
MinimumVisualStudioVersion = 10.0.40219.1
Project("{FAE04EC0-301F-11D3-BF4B-00C04F79EFBC}") = "Mikroskop", "Mikroskop.csproj", "{CA5C61DA-A475-4D78-B0BD-A69295771F20}"
EndProject
Global
	GlobalSection(SolutionConfigurationPlatforms) = preSolution
		Debug|Any CPU = Debug|Any CPU
		Release|Any CPU = Release|Any CPU
	EndGlobalSection
	GlobalSection(ProjectConfigurationPlatforms) = postSolution
		{CA5C61DA-A475-4D78-B0BD-A69295771F20}.Debug|Any CPU.ActiveCfg = Debug|Any CPU
		{CA5C61DA-A475-4D78-B0BD-A69295771F20}.Debug|Any CPU.Build.0 = Debug|Any CPU
		{CA5C61DA-A475-4D78-B0BD-A69295771F20}.Release|Any CPU.ActiveCfg = Release|Any CPU
		{CA5C61DA-A475-4D78-B0BD-A69295771F20}.Release|Any CPU.Build.0 = Release|Any CPU
	EndGlobalSection
	GlobalSection(SolutionProperties) = preSolution
		HideSolutionNode = FALSE
	EndGlobalSection
	GlobalSection(ExtensibilityGlobals) = postSolution
		SolutionGuid = {E12727C5-99A4-4EAF-8772-7D33D419F3EE}
	EndGlobalSection
EndGlobal
